
Microsoft Visual Studio Solution File, Format Version 12.00
# Visual Studio Version 16
VisualStudioVersion = 16.0.30309.148
MinimumVisualStudioVersion = 10.0.40219.1
Project("{FAE04EC0-301F-11D3-BF4B-00C04F79EFBC}") = "intro to methods", "intro to methods.csproj", "{DE60FBE4-C899-4190-A5F0-9D75EFBE82BA}"
EndProject
Global
	GlobalSection(SolutionConfigurationPlatforms) = preSolution
		Debug|Any CPU = Debug|Any CPU
		Release|Any CPU = Release|Any CPU
	EndGlobalSection
	GlobalSection(ProjectConfigurationPlatforms) = postSolution
		{DE60FBE4-C899-4190-A5F0-9D75EFBE82BA}.Debug|Any CPU.ActiveCfg = Debug|Any CPU
		{DE60FBE4-C899-4190-A5F0-9D75EFBE82BA}.Debug|Any CPU.Build.0 = Debug|Any CPU
		{DE60FBE4-C899-4190-A5F0-9D75EFBE82BA}.Release|Any CPU.ActiveCfg = Release|Any CPU
		{DE60FBE4-C899-4190-A5F0-9D75EFBE82BA}.Release|Any CPU.Build.0 = Release|Any CPU
	EndGlobalSection
	GlobalSection(SolutionProperties) = preSolution
		HideSolutionNode = FALSE
	EndGlobalSection
	GlobalSection(ExtensibilityGlobals) = postSolution
		SolutionGuid = {D1A40D36-3B4D-4476-9177-C63E006892F8}
	EndGlobalSection
EndGlobal
